
Microsoft Visual Studio Solution File, Format Version 12.00
# Visual Studio 15
VisualStudioVersion = 15.0.27428.2011
MinimumVisualStudioVersion = 10.0.40219.1
Project("{FAE04EC0-301F-11D3-BF4B-00C04F79EFBC}") = "VisiNoti", "VisiNoti\VisiNoti.csproj", "{A551DF63-5BEF-4CC3-9640-0AA1AEC0D468}"
EndProject
Global
	GlobalSection(SolutionConfigurationPlatforms) = preSolution
		Debug|Any CPU = Debug|Any CPU
		Release|Any CPU = Release|Any CPU
	EndGlobalSection
	GlobalSection(ProjectConfigurationPlatforms) = postSolution
		{A551DF63-5BEF-4CC3-9640-0AA1AEC0D468}.Debug|Any CPU.ActiveCfg = Debug|Any CPU
		{A551DF63-5BEF-4CC3-9640-0AA1AEC0D468}.Debug|Any CPU.Build.0 = Debug|Any CPU
		{A551DF63-5BEF-4CC3-9640-0AA1AEC0D468}.Release|Any CPU.ActiveCfg = Release|Any CPU
		{A551DF63-5BEF-4CC3-9640-0AA1AEC0D468}.Release|Any CPU.Build.0 = Release|Any CPU
	EndGlobalSection
	GlobalSection(SolutionProperties) = preSolution
		HideSolutionNode = FALSE
	EndGlobalSection
	GlobalSection(ExtensibilityGlobals) = postSolution
		SolutionGuid = {B00CED0D-26C0-4A28-9CBD-F87AF062EC10}
	EndGlobalSection
EndGlobal
